// !$*UTF8*$!
{
	archiveVersion = 1;
	classes = {
	};
	objectVersion = 77;
	objects = {

/* Begin PBXContainerItemProxy section */
		AF49A95E2CDD7390008A8EDD /* PBXContainerItemProxy */ = {
			isa = PBXContainerItemProxy;
			containerPortal = AF49A93F2CDD738F008A8EDD /* Project object */;
			proxyType = 1;
			remoteGlobalIDString = AF49A9462CDD738F008A8EDD;
			remoteInfo = SerialNumberApp;
		};
		AF49A9682CDD7390008A8EDD /* PBXContainerItemProxy */ = {
			isa = PBXContainerItemProxy;
			containerPortal = AF49A93F2CDD738F008A8EDD /* Project object */;
			proxyType = 1;
			remoteGlobalIDString = AF49A9462CDD738F008A8EDD;
			remoteInfo = SerialNumberApp;
		};
/* End PBXContainerItemProxy section */

/* Begin PBXFileReference section */
		AF49A9472CDD738F008A8EDD /* SN-CSV-Generator.app */ = {isa = PBXFileReference; explicitFileType = wrapper.application; includeInIndex = 0; path = "SN-CSV-Generator.app"; sourceTree = BUILT_PRODUCTS_DIR; };
		AF49A95D2CDD7390008A8EDD /* SerialNumberAppTests.xctest */ = {isa = PBXFileReference; explicitFileType = wrapper.cfbundle; includeInIndex = 0; path = SerialNumberAppTests.xctest; sourceTree = BUILT_PRODUCTS_DIR; };
		AF49A9672CDD7390008A8EDD /* SerialNumberAppUITests.xctest */ = {isa = PBXFileReference; explicitFileType = wrapper.cfbundle; includeInIndex = 0; path = SerialNumberAppUITests.xctest; sourceTree = BUILT_PRODUCTS_DIR; };
		AF7961AF2CDE202600E48D32 /* SN-CSV-GeneratorRelease.entitlements */ = {isa = PBXFileReference; lastKnownFileType = text.plist.entitlements; path = "SN-CSV-GeneratorRelease.entitlements"; sourceTree = "<group>"; };
/* End PBXFileReference section */

/* Begin PBXFileSystemSynchronizedRootGroup section */
		AF49A9492CDD738F008A8EDD /* SerialNumberApp */ = {
			isa = PBXFileSystemSynchronizedRootGroup;
			path = SerialNumberApp;
			sourceTree = "<group>";
		};
/* End PBXFileSystemSynchronizedRootGroup section */

/* Begin PBXFrameworksBuildPhase section */
		AF49A9442CDD738F008A8EDD /* Frameworks */ = {
			isa = PBXFrameworksBuildPhase;
			buildActionMask = 2147483647;
			files = (
			);
			runOnlyForDeploymentPostprocessing = 0;
		};
		AF49A95A2CDD7390008A8EDD /* Frameworks */ = {
			isa = PBXFrameworksBuildPhase;
			buildActionMask = 2147483647;
			files = (
			);
			runOnlyForDeploymentPostprocessing = 0;
		};
		AF49A9642CDD7390008A8EDD /* Frameworks */ = {
			isa = PBXFrameworksBuildPhase;
			buildActionMask = 2147483647;
			files = (
			);
			runOnlyForDeploymentPostprocessing = 0;
		};
/* End PBXFrameworksBuildPhase section */

/* Begin PBXGroup section */
		AF49A93E2CDD738F008A8EDD = {
			isa = PBXGroup;
			children = (
				AF7961AF2CDE202600E48D32 /* SN-CSV-GeneratorRelease.entitlements */,
				AF49A9492CDD738F008A8EDD /* SerialNumberApp */,
				AF49A9482CDD738F008A8EDD /* Products */,
			);
			sourceTree = "<group>";
		};
		AF49A9482CDD738F008A8EDD /* Products */ = {
			isa = PBXGroup;
			children = (
				AF49A9472CDD738F008A8EDD /* SN-CSV-Generator.app */,
				AF49A95D2CDD7390008A8EDD /* SerialNumberAppTests.xctest */,
				AF49A9672CDD7390008A8EDD /* SerialNumberAppUITests.xctest */,
			);
			name = Products;
			sourceTree = "<group>";
		};
/* End PBXGroup section */

/* Begin PBXNativeTarget section */
		AF49A9462CDD738F008A8EDD /* SN-CSV-Generator */ = {
			isa = PBXNativeTarget;
			buildConfigurationList = AF49A9712CDD7390008A8EDD /* Build configuration list for PBXNativeTarget "SN-CSV-Generator" */;
			buildPhases = (
				AF49A9432CDD738F008A8EDD /* Sources */,
				AF49A9442CDD738F008A8EDD /* Frameworks */,
				AF49A9452CDD738F008A8EDD /* Resources */,
			);
			buildRules = (
			);
			dependencies = (
			);
			fileSystemSynchronizedGroups = (
				AF49A9492CDD738F008A8EDD /* SerialNumberApp */,
			);
			name = "SN-CSV-Generator";
			packageProductDependencies = (
			);
			productName = SerialNumberApp;
			productReference = AF49A9472CDD738F008A8EDD /* SN-CSV-Generator.app */;
			productType = "com.apple.product-type.application";
		};
		AF49A95C2CDD7390008A8EDD /* SerialNumberAppTests */ = {
			isa = PBXNativeTarget;
			buildConfigurationList = AF49A9742CDD7390008A8EDD /* Build configuration list for PBXNativeTarget "SerialNumberAppTests" */;
			buildPhases = (
				AF49A9592CDD7390008A8EDD /* Sources */,
				AF49A95A2CDD7390008A8EDD /* Frameworks */,
				AF49A95B2CDD7390008A8EDD /* Resources */,
			);
			buildRules = (
			);
			dependencies = (
				AF49A95F2CDD7390008A8EDD /* PBXTargetDependency */,
			);
			name = SerialNumberAppTests;
			packageProductDependencies = (
			);
			productName = SerialNumberAppTests;
			productReference = AF49A95D2CDD7390008A8EDD /* SerialNumberAppTests.xctest */;
			productType = "com.apple.product-type.bundle.unit-test";
		};
		AF49A9662CDD7390008A8EDD /* SerialNumberAppUITests */ = {
			isa = PBXNativeTarget;
			buildConfigurationList = AF49A9772CDD7390008A8EDD /* Build configuration list for PBXNativeTarget "SerialNumberAppUITests" */;
			buildPhases = (
				AF49A9632CDD7390008A8EDD /* Sources */,
				AF49A9642CDD7390008A8EDD /* Frameworks */,
				AF49A9652CDD7390008A8EDD /* Resources */,
			);
			buildRules = (
			);
			dependencies = (
				AF49A9692CDD7390008A8EDD /* PBXTargetDependency */,
			);
			name = SerialNumberAppUITests;
			packageProductDependencies = (
			);
			productName = SerialNumberAppUITests;
			productReference = AF49A9672CDD7390008A8EDD /* SerialNumberAppUITests.xctest */;
			productType = "com.apple.product-type.bundle.ui-testing";
		};
/* End PBXNativeTarget section */

/* Begin PBXProject section */
		AF49A93F2CDD738F008A8EDD /* Project object */ = {
			isa = PBXProject;
			attributes = {
				BuildIndependentTargetsInParallel = 1;
				LastSwiftUpdateCheck = 1610;
				LastUpgradeCheck = 1610;
				TargetAttributes = {
					AF49A9462CDD738F008A8EDD = {
						CreatedOnToolsVersion = 16.1;
					};
					AF49A95C2CDD7390008A8EDD = {
						CreatedOnToolsVersion = 16.1;
						TestTargetID = AF49A9462CDD738F008A8EDD;
					};
					AF49A9662CDD7390008A8EDD = {
						CreatedOnToolsVersion = 16.1;
						TestTargetID = AF49A9462CDD738F008A8EDD;
					};
				};
			};
			buildConfigurationList = AF49A9422CDD738F008A8EDD /* Build configuration list for PBXProject "SerialNumberApp" */;
			developmentRegion = en;
			hasScannedForEncodings = 0;
			knownRegions = (
				en,
				Base,
			);
			mainGroup = AF49A93E2CDD738F008A8EDD;
			minimizedProjectReferenceProxies = 1;
			preferredProjectObjectVersion = 77;
			productRefGroup = AF49A9482CDD738F008A8EDD /* Products */;
			projectDirPath = "";
			projectRoot = "";
			targets = (
				AF49A9462CDD738F008A8EDD /* SN-CSV-Generator */,
				AF49A95C2CDD7390008A8EDD /* SerialNumberAppTests */,
				AF49A9662CDD7390008A8EDD /* SerialNumberAppUITests */,
			);
		};
/* End PBXProject section */

/* Begin PBXResourcesBuildPhase section */
		AF49A9452CDD738F008A8EDD /* Resources */ = {
			isa = PBXResourcesBuildPhase;
			buildActionMask = 2147483647;
			files = (
			);
			runOnlyForDeploymentPostprocessing = 0;
		};
		AF49A95B2CDD7390008A8EDD /* Resources */ = {
			isa = PBXResourcesBuildPhase;
			buildActionMask = 2147483647;
			files = (
			);
			runOnlyForDeploymentPostprocessing = 0;
		};
		AF49A9652CDD7390008A8EDD /* Resources */ = {
			isa = PBXResourcesBuildPhase;
			buildActionMask = 2147483647;
			files = (
			);
			runOnlyForDeploymentPostprocessing = 0;
		};
/* End PBXResourcesBuildPhase section */

/* Begin PBXSourcesBuildPhase section */
		AF49A9432CDD738F008A8EDD /* Sources */ = {
			isa = PBXSourcesBuildPhase;
			buildActionMask = 2147483647;
			files = (
			);
			runOnlyForDeploymentPostprocessing = 0;
		};
		AF49A9592CDD7390008A8EDD /* Sources */ = {
			isa = PBXSourcesBuildPhase;
			buildActionMask = 2147483647;
			files = (
			);
			runOnlyForDeploymentPostprocessing = 0;
		};
		AF49A9632CDD7390008A8EDD /* Sources */ = {
			isa = PBXSourcesBuildPhase;
			buildActionMask = 2147483647;
			files = (
			);
			runOnlyForDeploymentPostprocessing = 0;
		};
/* End PBXSourcesBuildPhase section */

/* Begin PBXTargetDependency section */
		AF49A95F2CDD7390008A8EDD /* PBXTargetDependency */ = {
			isa = PBXTargetDependency;
			target = AF49A9462CDD738F008A8EDD /* SN-CSV-Generator */;
			targetProxy = AF49A95E2CDD7390008A8EDD /* PBXContainerItemProxy */;
		};
		AF49A9692CDD7390008A8EDD /* PBXTargetDependency */ = {
			isa = PBXTargetDependency;
			target = AF49A9462CDD738F008A8EDD /* SN-CSV-Generator */;
			targetProxy = AF49A9682CDD7390008A8EDD /* PBXContainerItemProxy */;
		};
/* End PBXTargetDependency section */

/* Begin XCBuildConfiguration section */
		AF49A96F2CDD7390008A8EDD /* Debug */ = {
			isa = XCBuildConfiguration;
			buildSettings = {
				ALWAYS_SEARCH_USER_PATHS = NO;
				ASSETCATALOG_COMPILER_GENERATE_SWIFT_ASSET_SYMBOL_EXTENSIONS = YES;
				CLANG_ANALYZER_NONNULL = YES;
				CLANG_ANALYZER_NUMBER_OBJECT_CONVERSION = YES_AGGRESSIVE;
				CLANG_CXX_LANGUAGE_STANDARD = "gnu++20";
				CLANG_ENABLE_MODULES = YES;
				CLANG_ENABLE_OBJC_ARC = YES;
				CLANG_ENABLE_OBJC_WEAK = YES;
				CLANG_WARN_BLOCK_CAPTURE_AUTORELEASING = YES;
				CLANG_WARN_BOOL_CONVERSION = YES;
				CLANG_WARN_COMMA = YES;
				CLANG_WARN_CONSTANT_CONVERSION = YES;
				CLANG_WARN_DEPRECATED_OBJC_IMPLEMENTATIONS = YES;
				CLANG_WARN_DIRECT_OBJC_ISA_USAGE = YES_ERROR;
				CLANG_WARN_DOCUMENTATION_COMMENTS = YES;
				CLANG_WARN_EMPTY_BODY = YES;
				CLANG_WARN_ENUM_CONVERSION = YES;
				CLANG_WARN_INFINITE_RECURSION = YES;
				CLANG_WARN_INT_CONVERSION = YES;
				CLANG_WARN_NON_LITERAL_NULL_CONVERSION = YES;
				CLANG_WARN_OBJC_IMPLICIT_RETAIN_SELF = YES;
				CLANG_WARN_OBJC_LITERAL_CONVERSION = YES;
				CLANG_WARN_OBJC_ROOT_CLASS = YES_ERROR;
				CLANG_WARN_QUOTED_INCLUDE_IN_FRAMEWORK_HEADER = YES;
				CLANG_WARN_RANGE_LOOP_ANALYSIS = YES;
				CLANG_WARN_STRICT_PROTOTYPES = YES;
				CLANG_WARN_SUSPICIOUS_MOVE = YES;
				CLANG_WARN_UNGUARDED_AVAILABILITY = YES_AGGRESSIVE;
				CLANG_WARN_UNREACHABLE_CODE = YES;
				CLANG_WARN__DUPLICATE_METHOD_MATCH = YES;
				COPY_PHASE_STRIP = NO;
				DEBUG_INFORMATION_FORMAT = dwarf;
				ENABLE_STRICT_OBJC_MSGSEND = YES;
				ENABLE_TESTABILITY = YES;
				ENABLE_USER_SCRIPT_SANDBOXING = YES;
				GCC_C_LANGUAGE_STANDARD = gnu17;
				GCC_DYNAMIC_NO_PIC = NO;
				GCC_NO_COMMON_BLOCKS = YES;
				GCC_OPTIMIZATION_LEVEL = 0;
				GCC_PREPROCESSOR_DEFINITIONS = (
					"DEBUG=1",
					"$(inherited)",
				);
				GCC_WARN_64_TO_32_BIT_CONVERSION = YES;
				GCC_WARN_ABOUT_RETURN_TYPE = YES_ERROR;
				GCC_WARN_UNDECLARED_SELECTOR = YES;
				GCC_WARN_UNINITIALIZED_AUTOS = YES_AGGRESSIVE;
				GCC_WARN_UNUSED_FUNCTION = YES;
				GCC_WARN_UNUSED_VARIABLE = YES;
				LOCALIZATION_PREFERS_STRING_CATALOGS = YES;
				MACOSX_DEPLOYMENT_TARGET = 15.0;
				MTL_ENABLE_DEBUG_INFO = INCLUDE_SOURCE;
				MTL_FAST_MATH = YES;
				ONLY_ACTIVE_ARCH = YES;
				SDKROOT = macosx;
				SWIFT_ACTIVE_COMPILATION_CONDITIONS = "DEBUG $(inherited)";
				SWIFT_OPTIMIZATION_LEVEL = "-Onone";
			};
			name = Debug;
		};
		AF49A9702CDD7390008A8EDD /* Release */ = {
			isa = XCBuildConfiguration;
			buildSettings = {
				ALWAYS_SEARCH_USER_PATHS = NO;
				ASSETCATALOG_COMPILER_GENERATE_SWIFT_ASSET_SYMBOL_EXTENSIONS = YES;
				CLANG_ANALYZER_NONNULL = YES;
				CLANG_ANALYZER_NUMBER_OBJECT_CONVERSION = YES_AGGRESSIVE;
				CLANG_CXX_LANGUAGE_STANDARD = "gnu++20";
				CLANG_ENABLE_MODULES = YES;
				CLANG_ENABLE_OBJC_ARC = YES;
				CLANG_ENABLE_OBJC_WEAK = YES;
				CLANG_WARN_BLOCK_CAPTURE_AUTORELEASING = YES;
				CLANG_WARN_BOOL_CONVERSION = YES;
				CLANG_WARN_COMMA = YES;
				CLANG_WARN_CONSTANT_CONVERSION = YES;
				CLANG_WARN_DEPRECATED_OBJC_IMPLEMENTATIONS = YES;
				CLANG_WARN_DIRECT_OBJC_ISA_USAGE = YES_ERROR;
				CLANG_WARN_DOCUMENTATION_COMMENTS = YES;
				CLANG_WARN_EMPTY_BODY = YES;
				CLANG_WARN_ENUM_CONVERSION = YES;
				CLANG_WARN_INFINITE_RECURSION = YES;
				CLANG_WARN_INT_CONVERSION = YES;
				CLANG_WARN_NON_LITERAL_NULL_CONVERSION = YES;
				CLANG_WARN_OBJC_IMPLICIT_RETAIN_SELF = YES;
				CLANG_WARN_OBJC_LITERAL_CONVERSION = YES;
				CLANG_WARN_OBJC_ROOT_CLASS = YES_ERROR;
				CLANG_WARN_QUOTED_INCLUDE_IN_FRAMEWORK_HEADER = YES;
				CLANG_WARN_RANGE_LOOP_ANALYSIS = YES;
				CLANG_WARN_STRICT_PROTOTYPES = YES;
				CLANG_WARN_SUSPICIOUS_MOVE = YES;
				CLANG_WARN_UNGUARDED_AVAILABILITY = YES_AGGRESSIVE;
				CLANG_WARN_UNREACHABLE_CODE = YES;
				CLANG_WARN__DUPLICATE_METHOD_MATCH = YES;
				COPY_PHASE_STRIP = NO;
				DEBUG_INFORMATION_FORMAT = "dwarf-with-dsym";
				ENABLE_NS_ASSERTIONS = NO;
				ENABLE_STRICT_OBJC_MSGSEND = YES;
				ENABLE_USER_SCRIPT_SANDBOXING = YES;
				GCC_C_LANGUAGE_STANDARD = gnu17;
				GCC_NO_COMMON_BLOCKS = YES;
				GCC_WARN_64_TO_32_BIT_CONVERSION = YES;
				GCC_WARN_ABOUT_RETURN_TYPE = YES_ERROR;
				GCC_WARN_UNDECLARED_SELECTOR = YES;
				GCC_WARN_UNINITIALIZED_AUTOS = YES_AGGRESSIVE;
				GCC_WARN_UNUSED_FUNCTION = YES;
				GCC_WARN_UNUSED_VARIABLE = YES;
				LOCALIZATION_PREFERS_STRING_CATALOGS = YES;
				MACOSX_DEPLOYMENT_TARGET = 15.0;
				MTL_ENABLE_DEBUG_INFO = NO;
				MTL_FAST_MATH = YES;
				SDKROOT = macosx;
				SWIFT_COMPILATION_MODE = wholemodule;
			};
			name = Release;
		};
		AF49A9722CDD7390008A8EDD /* Debug */ = {
			isa = XCBuildConfiguration;
			buildSettings = {
				ASSETCATALOG_COMPILER_APPICON_NAME = "AppIcon ios";
				ASSETCATALOG_COMPILER_GLOBAL_ACCENT_COLOR_NAME = AccentColor;
				CODE_SIGN_ENTITLEMENTS = SerialNumberApp/SerialNumberApp.entitlements;
				"CODE_SIGN_IDENTITY[sdk=macosx*]" = "Apple Development";
				CODE_SIGN_STYLE = Automatic;
				COMBINE_HIDPI_IMAGES = YES;
				CURRENT_PROJECT_VERSION = 1;
				DEVELOPMENT_ASSET_PATHS = "\"SerialNumberApp/Preview Content\"";
				DEVELOPMENT_TEAM = J8A6UP2TFJ;
				ENABLE_PREVIEWS = YES;
				GENERATE_INFOPLIST_FILE = YES;
				INFOPLIST_KEY_NSHumanReadableCopyright = "";
				IPHONEOS_DEPLOYMENT_TARGET = 17.0;
				LD_RUNPATH_SEARCH_PATHS = (
					"$(inherited)",
					"@executable_path/../Frameworks",
				);
				MACOSX_DEPLOYMENT_TARGET = 14.6;
				MARKETING_VERSION = 1.0;
				PRODUCT_BUNDLE_IDENTIFIER = ch.epfl.SerialNumberApp;
				PRODUCT_NAME = "$(TARGET_NAME)";
				SUPPORTED_PLATFORMS = "iphoneos iphonesimulator macosx";
				SUPPORTS_MACCATALYST = NO;
				SWIFT_EMIT_LOC_STRINGS = YES;
				SWIFT_VERSION = 5.0;
				TARGETED_DEVICE_FAMILY = 1;
			};
			name = Debug;
		};
		AF49A9732CDD7390008A8EDD /* Release */ = {
			isa = XCBuildConfiguration;
			buildSettings = {
				ASSETCATALOG_COMPILER_APPICON_NAME = "AppIcon ios";
				ASSETCATALOG_COMPILER_GLOBAL_ACCENT_COLOR_NAME = AccentColor;
				CODE_SIGN_ENTITLEMENTS = "SN-CSV-GeneratorRelease.entitlements";
				"CODE_SIGN_IDENTITY[sdk=macosx*]" = "Apple Development";
				CODE_SIGN_STYLE = Automatic;
				COMBINE_HIDPI_IMAGES = YES;
				CURRENT_PROJECT_VERSION = 1;
				DEVELOPMENT_ASSET_PATHS = "\"SerialNumberApp/Preview Content\"";
				DEVELOPMENT_TEAM = J8A6UP2TFJ;
				ENABLE_HARDENED_RUNTIME = YES;
				ENABLE_PREVIEWS = YES;
				GENERATE_INFOPLIST_FILE = YES;
				INFOPLIST_KEY_NSHumanReadableCopyright = "";
				IPHONEOS_DEPLOYMENT_TARGET = 17.0;
				LD_RUNPATH_SEARCH_PATHS = (
					"$(inherited)",
					"@executable_path/../Frameworks",
				);
				MACOSX_DEPLOYMENT_TARGET = 14.6;
				MARKETING_VERSION = 1.0;
				PRODUCT_BUNDLE_IDENTIFIER = ch.epfl.SerialNumberApp;
				PRODUCT_NAME = "$(TARGET_NAME)";
				SUPPORTED_PLATFORMS = "iphoneos iphonesimulator macosx";
				SUPPORTS_MACCATALYST = NO;
				SWIFT_EMIT_LOC_STRINGS = YES;
				SWIFT_VERSION = 5.0;
				TARGETED_DEVICE_FAMILY = 1;
			};
			name = Release;
		};
		AF49A9752CDD7390008A8EDD /* Debug */ = {
			isa = XCBuildConfiguration;
			buildSettings = {
				BUNDLE_LOADER = "$(TEST_HOST)";
				CODE_SIGN_STYLE = Automatic;
				CURRENT_PROJECT_VERSION = 1;
				GENERATE_INFOPLIST_FILE = YES;
				MACOSX_DEPLOYMENT_TARGET = 15.0;
				MARKETING_VERSION = 1.0;
				PRODUCT_BUNDLE_IDENTIFIER = ch.epfl.SerialNumberAppTests;
				PRODUCT_NAME = "$(TARGET_NAME)";
				SWIFT_EMIT_LOC_STRINGS = NO;
				SWIFT_VERSION = 5.0;
				TEST_HOST = "$(BUILT_PRODUCTS_DIR)/SerialNumberApp.app/$(BUNDLE_EXECUTABLE_FOLDER_PATH)/SerialNumberApp";
			};
			name = Debug;
		};
		AF49A9762CDD7390008A8EDD /* Release */ = {
			isa = XCBuildConfiguration;
			buildSettings = {
				BUNDLE_LOADER = "$(TEST_HOST)";
				CODE_SIGN_STYLE = Automatic;
				CURRENT_PROJECT_VERSION = 1;
				GENERATE_INFOPLIST_FILE = YES;
				MACOSX_DEPLOYMENT_TARGET = 15.0;
				MARKETING_VERSION = 1.0;
				PRODUCT_BUNDLE_IDENTIFIER = ch.epfl.SerialNumberAppTests;
				PRODUCT_NAME = "$(TARGET_NAME)";
				SWIFT_EMIT_LOC_STRINGS = NO;
				SWIFT_VERSION = 5.0;
				TEST_HOST = "$(BUILT_PRODUCTS_DIR)/SerialNumberApp.app/$(BUNDLE_EXECUTABLE_FOLDER_PATH)/SerialNumberApp";
			};
			name = Release;
		};
		AF49A9782CDD7390008A8EDD /* Debug */ = {
			isa = XCBuildConfiguration;
			buildSettings = {
				CODE_SIGN_STYLE = Automatic;
				CURRENT_PROJECT_VERSION = 1;
				GENERATE_INFOPLIST_FILE = YES;
				MARKETING_VERSION = 1.0;
				PRODUCT_BUNDLE_IDENTIFIER = ch.epfl.SerialNumberAppUITests;
				PRODUCT_NAME = "$(TARGET_NAME)";
				SWIFT_EMIT_LOC_STRINGS = NO;
				SWIFT_VERSION = 5.0;
				TEST_TARGET_NAME = SerialNumberApp;
			};
			name = Debug;
		};
		AF49A9792CDD7390008A8EDD /* Release */ = {
			isa = XCBuildConfiguration;
			buildSettings = {
				CODE_SIGN_STYLE = Automatic;
				CURRENT_PROJECT_VERSION = 1;
				GENERATE_INFOPLIST_FILE = YES;
				MARKETING_VERSION = 1.0;
				PRODUCT_BUNDLE_IDENTIFIER = ch.epfl.SerialNumberAppUITests;
				PRODUCT_NAME = "$(TARGET_NAME)";
				SWIFT_EMIT_LOC_STRINGS = NO;
				SWIFT_VERSION = 5.0;
				TEST_TARGET_NAME = SerialNumberApp;
			};
			name = Release;
		};
/* End XCBuildConfiguration section */

/* Begin XCConfigurationList section */
		AF49A9422CDD738F008A8EDD /* Build configuration list for PBXProject "SerialNumberApp" */ = {
			isa = XCConfigurationList;
			buildConfigurations = (
				AF49A96F2CDD7390008A8EDD /* Debug */,
				AF49A9702CDD7390008A8EDD /* Release */,
			);
			defaultConfigurationIsVisible = 0;
			defaultConfigurationName = Release;
		};
		AF49A9712CDD7390008A8EDD /* Build configuration list for PBXNativeTarget "SN-CSV-Generator" */ = {
			isa = XCConfigurationList;
			buildConfigurations = (
				AF49A9722CDD7390008A8EDD /* Debug */,
				AF49A9732CDD7390008A8EDD /* Release */,
			);
			defaultConfigurationIsVisible = 0;
			defaultConfigurationName = Release;
		};
		AF49A9742CDD7390008A8EDD /* Build configuration list for PBXNativeTarget "SerialNumberAppTests" */ = {
			isa = XCConfigurationList;
			buildConfigurations = (
				AF49A9752CDD7390008A8EDD /* Debug */,
				AF49A9762CDD7390008A8EDD /* Release */,
			);
			defaultConfigurationIsVisible = 0;
			defaultConfigurationName = Release;
		};
		AF49A9772CDD7390008A8EDD /* Build configuration list for PBXNativeTarget "SerialNumberAppUITests" */ = {
			isa = XCConfigurationList;
			buildConfigurations = (
				AF49A9782CDD7390008A8EDD /* Debug */,
				AF49A9792CDD7390008A8EDD /* Release */,
			);
			defaultConfigurationIsVisible = 0;
			defaultConfigurationName = Release;
		};
/* End XCConfigurationList section */
	};
	rootObject = AF49A93F2CDD738F008A8EDD /* Project object */;
}
